
Microsoft Visual Studio Solution File, Format Version 12.00
# Visual Studio 15
VisualStudioVersion = 15.0.27004.2006
MinimumVisualStudioVersion = 10.0.40219.1
Project("{FAE04EC0-301F-11D3-BF4B-00C04F79EFBC}") = "InstantieVariabelen", "InstantieVariabelen\InstantieVariabelen.csproj", "{71D2B06D-98B2-40C8-A402-746C088D9462}"
EndProject
Global
	GlobalSection(SolutionConfigurationPlatforms) = preSolution
		Debug|Any CPU = Debug|Any CPU
		Release|Any CPU = Release|Any CPU
	EndGlobalSection
	GlobalSection(ProjectConfigurationPlatforms) = postSolution
		{71D2B06D-98B2-40C8-A402-746C088D9462}.Debug|Any CPU.ActiveCfg = Debug|Any CPU
		{71D2B06D-98B2-40C8-A402-746C088D9462}.Debug|Any CPU.Build.0 = Debug|Any CPU
		{71D2B06D-98B2-40C8-A402-746C088D9462}.Release|Any CPU.ActiveCfg = Release|Any CPU
		{71D2B06D-98B2-40C8-A402-746C088D9462}.Release|Any CPU.Build.0 = Release|Any CPU
	EndGlobalSection
	GlobalSection(SolutionProperties) = preSolution
		HideSolutionNode = FALSE
	EndGlobalSection
	GlobalSection(ExtensibilityGlobals) = postSolution
		SolutionGuid = {BAC9FE5C-3321-411B-93F8-FE16FD9046EF}
	EndGlobalSection
EndGlobal
